
Microsoft Visual Studio Solution File, Format Version 12.00
# Visual Studio Version 17
VisualStudioVersion = 17.10.35013.160
MinimumVisualStudioVersion = 10.0.40219.1
Project("{FAE04EC0-301F-11D3-BF4B-00C04F79EFBC}") = "SimpleSolidVitasCarCalculator", "SimpleSolidVitasCarCalculator\SimpleSolidVitasCarCalculator.csproj", "{294BC765-0485-4026-B74F-2936ECAF279B}"
EndProject
Project("{FAE04EC0-301F-11D3-BF4B-00C04F79EFBC}") = "CarCalculatorTest", "CarCalculatorTest\CarCalculatorTest.csproj", "{9967BFC7-69AE-4FBC-91F7-D86941A63EE4}"
EndProject
Global
	GlobalSection(SolutionConfigurationPlatforms) = preSolution
		Debug|Any CPU = Debug|Any CPU
		Release|Any CPU = Release|Any CPU
	EndGlobalSection
	GlobalSection(ProjectConfigurationPlatforms) = postSolution
		{294BC765-0485-4026-B74F-2936ECAF279B}.Debug|Any CPU.ActiveCfg = Debug|Any CPU
		{294BC765-0485-4026-B74F-2936ECAF279B}.Debug|Any CPU.Build.0 = Debug|Any CPU
		{294BC765-0485-4026-B74F-2936ECAF279B}.Release|Any CPU.ActiveCfg = Release|Any CPU
		{294BC765-0485-4026-B74F-2936ECAF279B}.Release|Any CPU.Build.0 = Release|Any CPU
		{9967BFC7-69AE-4FBC-91F7-D86941A63EE4}.Debug|Any CPU.ActiveCfg = Debug|Any CPU
		{9967BFC7-69AE-4FBC-91F7-D86941A63EE4}.Debug|Any CPU.Build.0 = Debug|Any CPU
		{9967BFC7-69AE-4FBC-91F7-D86941A63EE4}.Release|Any CPU.ActiveCfg = Release|Any CPU
		{9967BFC7-69AE-4FBC-91F7-D86941A63EE4}.Release|Any CPU.Build.0 = Release|Any CPU
	EndGlobalSection
	GlobalSection(SolutionProperties) = preSolution
		HideSolutionNode = FALSE
	EndGlobalSection
	GlobalSection(ExtensibilityGlobals) = postSolution
		SolutionGuid = {0297A218-F1C6-4194-9640-BD3D4D5904DD}
	EndGlobalSection
EndGlobal
